
Microsoft Visual Studio Solution File, Format Version 12.00
# Visual Studio Version 17
VisualStudioVersion = 17.11.35303.130
MinimumVisualStudioVersion = 10.0.40219.1
Project("{FAE04EC0-301F-11D3-BF4B-00C04F79EFBC}") = "NuevosComponentes", "NuevosComponentes\NuevosComponentes.csproj", "{44ECB779-3949-434B-B5A8-8F891D7AA85C}"
EndProject
Project("{FAE04EC0-301F-11D3-BF4B-00C04F79EFBC}") = "TestControles", "TestControles\TestControles.csproj", "{8B45ACAC-FA11-45A3-BFFF-A72300774A02}"
EndProject
Project("{FAE04EC0-301F-11D3-BF4B-00C04F79EFBC}") = "Transformaciones", "Transformaciones\Transformaciones.csproj", "{428C7D82-5AA4-45C0-AC2C-9E0184AA9784}"
EndProject
Project("{FAE04EC0-301F-11D3-BF4B-00C04F79EFBC}") = "ComponenteEj3", "ComponenteEj3\ComponenteEj3.csproj", "{7965709B-1D0E-40A7-97E3-1413CE937416}"
EndProject
Project("{FAE04EC0-301F-11D3-BF4B-00C04F79EFBC}") = "Ej3", "Ej3\Ej3.csproj", "{F9350A64-ED24-4037-8D55-2AAA99F138E0}"
EndProject
Project("{FAE04EC0-301F-11D3-BF4B-00C04F79EFBC}") = "Ejercicio4", "Ejercicio4\Ejercicio4.csproj", "{DF3115F8-90A2-4EB9-9F13-4E6F028F3925}"
EndProject
Project("{FAE04EC0-301F-11D3-BF4B-00C04F79EFBC}") = "Ej5", "Ej5\Ej5.csproj", "{1F2D84CE-E5E9-4158-BB0A-A192A2D0044C}"
EndProject
Global
	GlobalSection(SolutionConfigurationPlatforms) = preSolution
		Debug|Any CPU = Debug|Any CPU
		Release|Any CPU = Release|Any CPU
	EndGlobalSection
	GlobalSection(ProjectConfigurationPlatforms) = postSolution
		{44ECB779-3949-434B-B5A8-8F891D7AA85C}.Debug|Any CPU.ActiveCfg = Debug|Any CPU
		{44ECB779-3949-434B-B5A8-8F891D7AA85C}.Debug|Any CPU.Build.0 = Debug|Any CPU
		{44ECB779-3949-434B-B5A8-8F891D7AA85C}.Release|Any CPU.ActiveCfg = Release|Any CPU
		{44ECB779-3949-434B-B5A8-8F891D7AA85C}.Release|Any CPU.Build.0 = Release|Any CPU
		{8B45ACAC-FA11-45A3-BFFF-A72300774A02}.Debug|Any CPU.ActiveCfg = Debug|Any CPU
		{8B45ACAC-FA11-45A3-BFFF-A72300774A02}.Debug|Any CPU.Build.0 = Debug|Any CPU
		{8B45ACAC-FA11-45A3-BFFF-A72300774A02}.Release|Any CPU.ActiveCfg = Release|Any CPU
		{8B45ACAC-FA11-45A3-BFFF-A72300774A02}.Release|Any CPU.Build.0 = Release|Any CPU
		{428C7D82-5AA4-45C0-AC2C-9E0184AA9784}.Debug|Any CPU.ActiveCfg = Debug|Any CPU
		{428C7D82-5AA4-45C0-AC2C-9E0184AA9784}.Debug|Any CPU.Build.0 = Debug|Any CPU
		{428C7D82-5AA4-45C0-AC2C-9E0184AA9784}.Release|Any CPU.ActiveCfg = Release|Any CPU
		{428C7D82-5AA4-45C0-AC2C-9E0184AA9784}.Release|Any CPU.Build.0 = Release|Any CPU
		{7965709B-1D0E-40A7-97E3-1413CE937416}.Debug|Any CPU.ActiveCfg = Debug|Any CPU
		{7965709B-1D0E-40A7-97E3-1413CE937416}.Debug|Any CPU.Build.0 = Debug|Any CPU
		{7965709B-1D0E-40A7-97E3-1413CE937416}.Release|Any CPU.ActiveCfg = Release|Any CPU
		{7965709B-1D0E-40A7-97E3-1413CE937416}.Release|Any CPU.Build.0 = Release|Any CPU
		{F9350A64-ED24-4037-8D55-2AAA99F138E0}.Debug|Any CPU.ActiveCfg = Debug|Any CPU
		{F9350A64-ED24-4037-8D55-2AAA99F138E0}.Debug|Any CPU.Build.0 = Debug|Any CPU
		{F9350A64-ED24-4037-8D55-2AAA99F138E0}.Release|Any CPU.ActiveCfg = Release|Any CPU
		{F9350A64-ED24-4037-8D55-2AAA99F138E0}.Release|Any CPU.Build.0 = Release|Any CPU
		{DF3115F8-90A2-4EB9-9F13-4E6F028F3925}.Debug|Any CPU.ActiveCfg = Debug|Any CPU
		{DF3115F8-90A2-4EB9-9F13-4E6F028F3925}.Debug|Any CPU.Build.0 = Debug|Any CPU
		{DF3115F8-90A2-4EB9-9F13-4E6F028F3925}.Release|Any CPU.ActiveCfg = Release|Any CPU
		{DF3115F8-90A2-4EB9-9F13-4E6F028F3925}.Release|Any CPU.Build.0 = Release|Any CPU
		{1F2D84CE-E5E9-4158-BB0A-A192A2D0044C}.Debug|Any CPU.ActiveCfg = Debug|Any CPU
		{1F2D84CE-E5E9-4158-BB0A-A192A2D0044C}.Debug|Any CPU.Build.0 = Debug|Any CPU
		{1F2D84CE-E5E9-4158-BB0A-A192A2D0044C}.Release|Any CPU.ActiveCfg = Release|Any CPU
		{1F2D84CE-E5E9-4158-BB0A-A192A2D0044C}.Release|Any CPU.Build.0 = Release|Any CPU
	EndGlobalSection
	GlobalSection(SolutionProperties) = preSolution
		HideSolutionNode = FALSE
	EndGlobalSection
	GlobalSection(ExtensibilityGlobals) = postSolution
		SolutionGuid = {7053111F-B4F7-4F8F-9186-1A78BBFFBFF7}
	EndGlobalSection
EndGlobal
